
Microsoft Visual Studio Solution File, Format Version 12.00
# Visual Studio Version 16
VisualStudioVersion = 16.0.31402.337
MinimumVisualStudioVersion = 10.0.40219.1
Project("{FAE04EC0-301F-11D3-BF4B-00C04F79EFBC}") = "CliniSoft", "CliniSoft.csproj", "{17BDE992-3C67-4843-85E2-2C054B9A8A25}"
EndProject
Global
	GlobalSection(SolutionConfigurationPlatforms) = preSolution
		Debug|Any CPU = Debug|Any CPU
		Release|Any CPU = Release|Any CPU
	EndGlobalSection
	GlobalSection(ProjectConfigurationPlatforms) = postSolution
		{17BDE992-3C67-4843-85E2-2C054B9A8A25}.Debug|Any CPU.ActiveCfg = Debug|Any CPU
		{17BDE992-3C67-4843-85E2-2C054B9A8A25}.Debug|Any CPU.Build.0 = Debug|Any CPU
		{17BDE992-3C67-4843-85E2-2C054B9A8A25}.Release|Any CPU.ActiveCfg = Release|Any CPU
		{17BDE992-3C67-4843-85E2-2C054B9A8A25}.Release|Any CPU.Build.0 = Release|Any CPU
	EndGlobalSection
	GlobalSection(SolutionProperties) = preSolution
		HideSolutionNode = FALSE
	EndGlobalSection
	GlobalSection(ExtensibilityGlobals) = postSolution
		SolutionGuid = {44707A05-DDBB-4A6B-81F1-3F35D2320F7F}
	EndGlobalSection
EndGlobal
